
Microsoft Visual Studio Solution File, Format Version 12.00
# Visual Studio Version 17
VisualStudioVersion = 17.0.32126.317
MinimumVisualStudioVersion = 10.0.40219.1
Project("{8BC9CEB8-8B4A-11D0-8D11-00A0C91BC942}") = "study test", "study test\study test.vcxproj", "{AC73CB5E-E7EB-404F-A62C-25855E0D01D9}"
EndProject
Project("{8BC9CEB8-8B4A-11D0-8D11-00A0C91BC942}") = "0215study", "0215study\0215study.vcxproj", "{67AC060D-A2B6-4B5B-BAB6-9C1A5DD97D18}"
EndProject
Project("{8BC9CEB8-8B4A-11D0-8D11-00A0C91BC942}") = "0215 enum", "0215 enum\0215 enum.vcxproj", "{54EA8A12-3DB8-4BBC-8BBD-A08D670C5D7B}"
EndProject
Project("{8BC9CEB8-8B4A-11D0-8D11-00A0C91BC942}") = "0215pointer", "0215pointer\0215pointer.vcxproj", "{841CFD67-49F1-430D-AC0E-3DDB1A6150C1}"
EndProject
Project("{8BC9CEB8-8B4A-11D0-8D11-00A0C91BC942}") = "0215printf", "defintion\defintion.vcxproj", "{AF60A70C-46A0-478C-983E-6611DCEC2725}"
EndProject
Project("{8BC9CEB8-8B4A-11D0-8D11-00A0C91BC942}") = "0215scanf", "scanf\scanf.vcxproj", "{8333CFF7-A7C0-431A-BF16-80FC162D07C7}"
EndProject
Project("{8BC9CEB8-8B4A-11D0-8D11-00A0C91BC942}") = "0215 consor", "0215 consor\0215 consor.vcxproj", "{6B432CC0-1D63-47EE-8B04-CBAA3DC5E6C3}"
EndProject
Project("{8BC9CEB8-8B4A-11D0-8D11-00A0C91BC942}") = "연산자", "연산자\연산자.vcxproj", "{81C3835B-21CC-495C-AE26-B806EFB4E9B8}"
EndProject
Project("{8BC9CEB8-8B4A-11D0-8D11-00A0C91BC942}") = "0216IF문", "0216IF문\0216IF문.vcxproj", "{493FFF9E-D855-4DA3-984E-E058A78AB108}"
EndProject
Project("{8BC9CEB8-8B4A-11D0-8D11-00A0C91BC942}") = "main.c", "main.c\main.c.vcxproj", "{E8AEF4CD-76F0-40BF-8491-217B09E2E04C}"
EndProject
Project("{8BC9CEB8-8B4A-11D0-8D11-00A0C91BC942}") = "0216논리연산자", "0216논리연산자\0216논리연산자.vcxproj", "{45E58DA0-A95B-4324-ABAE-93DA0370732B}"
EndProject
Project("{8BC9CEB8-8B4A-11D0-8D11-00A0C91BC942}") = "0216swich", "0216swich\0216swich.vcxproj", "{81D86D6C-5723-427B-8EC2-4B92E64C9BCA}"
EndProject
Project("{8BC9CEB8-8B4A-11D0-8D11-00A0C91BC942}") = "0216movesharp", "0216movesharp\0216movesharp.vcxproj", "{98799953-3FC3-45BA-8C15-9ADA4E8BFD7B}"
EndProject
Project("{8BC9CEB8-8B4A-11D0-8D11-00A0C91BC942}") = "0216for", "0216for\0216for.vcxproj", "{4FC1437A-8A49-40D8-9690-39B5D78B7380}"
EndProject
Project("{8BC9CEB8-8B4A-11D0-8D11-00A0C91BC942}") = "ruler", "ruler\ruler.vcxproj", "{2247809B-9C59-44DD-A665-149A63A22AAB}"
EndProject
Project("{8BC9CEB8-8B4A-11D0-8D11-00A0C91BC942}") = "while", "while\while.vcxproj", "{65709255-3A1A-48E5-8FC5-05AC9C824979}"
EndProject
Global
	GlobalSection(SolutionConfigurationPlatforms) = preSolution
		Debug|x64 = Debug|x64
		Debug|x86 = Debug|x86
		Release|x64 = Release|x64
		Release|x86 = Release|x86
	EndGlobalSection
	GlobalSection(ProjectConfigurationPlatforms) = postSolution
		{AC73CB5E-E7EB-404F-A62C-25855E0D01D9}.Debug|x64.ActiveCfg = Debug|x64
		{AC73CB5E-E7EB-404F-A62C-25855E0D01D9}.Debug|x64.Build.0 = Debug|x64
		{AC73CB5E-E7EB-404F-A62C-25855E0D01D9}.Debug|x86.ActiveCfg = Debug|Win32
		{AC73CB5E-E7EB-404F-A62C-25855E0D01D9}.Debug|x86.Build.0 = Debug|Win32
		{AC73CB5E-E7EB-404F-A62C-25855E0D01D9}.Release|x64.ActiveCfg = Release|x64
		{AC73CB5E-E7EB-404F-A62C-25855E0D01D9}.Release|x64.Build.0 = Release|x64
		{AC73CB5E-E7EB-404F-A62C-25855E0D01D9}.Release|x86.ActiveCfg = Release|Win32
		{AC73CB5E-E7EB-404F-A62C-25855E0D01D9}.Release|x86.Build.0 = Release|Win32
		{67AC060D-A2B6-4B5B-BAB6-9C1A5DD97D18}.Debug|x64.ActiveCfg = Debug|x64
		{67AC060D-A2B6-4B5B-BAB6-9C1A5DD97D18}.Debug|x64.Build.0 = Debug|x64
		{67AC060D-A2B6-4B5B-BAB6-9C1A5DD97D18}.Debug|x86.ActiveCfg = Debug|Win32
		{67AC060D-A2B6-4B5B-BAB6-9C1A5DD97D18}.Debug|x86.Build.0 = Debug|Win32
		{67AC060D-A2B6-4B5B-BAB6-9C1A5DD97D18}.Release|x64.ActiveCfg = Release|x64
		{67AC060D-A2B6-4B5B-BAB6-9C1A5DD97D18}.Release|x64.Build.0 = Release|x64
		{67AC060D-A2B6-4B5B-BAB6-9C1A5DD97D18}.Release|x86.ActiveCfg = Release|Win32
		{67AC060D-A2B6-4B5B-BAB6-9C1A5DD97D18}.Release|x86.Build.0 = Release|Win32
		{54EA8A12-3DB8-4BBC-8BBD-A08D670C5D7B}.Debug|x64.ActiveCfg = Debug|x64
		{54EA8A12-3DB8-4BBC-8BBD-A08D670C5D7B}.Debug|x64.Build.0 = Debug|x64
		{54EA8A12-3DB8-4BBC-8BBD-A08D670C5D7B}.Debug|x86.ActiveCfg = Debug|Win32
		{54EA8A12-3DB8-4BBC-8BBD-A08D670C5D7B}.Debug|x86.Build.0 = Debug|Win32
		{54EA8A12-3DB8-4BBC-8BBD-A08D670C5D7B}.Release|x64.ActiveCfg = Release|x64
		{54EA8A12-3DB8-4BBC-8BBD-A08D670C5D7B}.Release|x64.Build.0 = Release|x64
		{54EA8A12-3DB8-4BBC-8BBD-A08D670C5D7B}.Release|x86.ActiveCfg = Release|Win32
		{54EA8A12-3DB8-4BBC-8BBD-A08D670C5D7B}.Release|x86.Build.0 = Release|Win32
		{841CFD67-49F1-430D-AC0E-3DDB1A6150C1}.Debug|x64.ActiveCfg = Debug|x64
		{841CFD67-49F1-430D-AC0E-3DDB1A6150C1}.Debug|x64.Build.0 = Debug|x64
		{841CFD67-49F1-430D-AC0E-3DDB1A6150C1}.Debug|x86.ActiveCfg = Debug|Win32
		{841CFD67-49F1-430D-AC0E-3DDB1A6150C1}.Debug|x86.Build.0 = Debug|Win32
		{841CFD67-49F1-430D-AC0E-3DDB1A6150C1}.Release|x64.ActiveCfg = Release|x64
		{841CFD67-49F1-430D-AC0E-3DDB1A6150C1}.Release|x64.Build.0 = Release|x64
		{841CFD67-49F1-430D-AC0E-3DDB1A6150C1}.Release|x86.ActiveCfg = Release|Win32
		{841CFD67-49F1-430D-AC0E-3DDB1A6150C1}.Release|x86.Build.0 = Release|Win32
		{AF60A70C-46A0-478C-983E-6611DCEC2725}.Debug|x64.ActiveCfg = Debug|x64
		{AF60A70C-46A0-478C-983E-6611DCEC2725}.Debug|x64.Build.0 = Debug|x64
		{AF60A70C-46A0-478C-983E-6611DCEC2725}.Debug|x86.ActiveCfg = Debug|Win32
		{AF60A70C-46A0-478C-983E-6611DCEC2725}.Debug|x86.Build.0 = Debug|Win32
		{AF60A70C-46A0-478C-983E-6611DCEC2725}.Release|x64.ActiveCfg = Release|x64
		{AF60A70C-46A0-478C-983E-6611DCEC2725}.Release|x64.Build.0 = Release|x64
		{AF60A70C-46A0-478C-983E-6611DCEC2725}.Release|x86.ActiveCfg = Release|Win32
		{AF60A70C-46A0-478C-983E-6611DCEC2725}.Release|x86.Build.0 = Release|Win32
		{8333CFF7-A7C0-431A-BF16-80FC162D07C7}.Debug|x64.ActiveCfg = Debug|x64
		{8333CFF7-A7C0-431A-BF16-80FC162D07C7}.Debug|x64.Build.0 = Debug|x64
		{8333CFF7-A7C0-431A-BF16-80FC162D07C7}.Debug|x86.ActiveCfg = Debug|Win32
		{8333CFF7-A7C0-431A-BF16-80FC162D07C7}.Debug|x86.Build.0 = Debug|Win32
		{8333CFF7-A7C0-431A-BF16-80FC162D07C7}.Release|x64.ActiveCfg = Release|x64
		{8333CFF7-A7C0-431A-BF16-80FC162D07C7}.Release|x64.Build.0 = Release|x64
		{8333CFF7-A7C0-431A-BF16-80FC162D07C7}.Release|x86.ActiveCfg = Release|Win32
		{8333CFF7-A7C0-431A-BF16-80FC162D07C7}.Release|x86.Build.0 = Release|Win32
		{6B432CC0-1D63-47EE-8B04-CBAA3DC5E6C3}.Debug|x64.ActiveCfg = Debug|x64
		{6B432CC0-1D63-47EE-8B04-CBAA3DC5E6C3}.Debug|x64.Build.0 = Debug|x64
		{6B432CC0-1D63-47EE-8B04-CBAA3DC5E6C3}.Debug|x86.ActiveCfg = Debug|Win32
		{6B432CC0-1D63-47EE-8B04-CBAA3DC5E6C3}.Debug|x86.Build.0 = Debug|Win32
		{6B432CC0-1D63-47EE-8B04-CBAA3DC5E6C3}.Release|x64.ActiveCfg = Release|x64
		{6B432CC0-1D63-47EE-8B04-CBAA3DC5E6C3}.Release|x64.Build.0 = Release|x64
		{6B432CC0-1D63-47EE-8B04-CBAA3DC5E6C3}.Release|x86.ActiveCfg = Release|Win32
		{6B432CC0-1D63-47EE-8B04-CBAA3DC5E6C3}.Release|x86.Build.0 = Release|Win32
		{81C3835B-21CC-495C-AE26-B806EFB4E9B8}.Debug|x64.ActiveCfg = Debug|x64
		{81C3835B-21CC-495C-AE26-B806EFB4E9B8}.Debug|x64.Build.0 = Debug|x64
		{81C3835B-21CC-495C-AE26-B806EFB4E9B8}.Debug|x86.ActiveCfg = Debug|Win32
		{81C3835B-21CC-495C-AE26-B806EFB4E9B8}.Debug|x86.Build.0 = Debug|Win32
		{81C3835B-21CC-495C-AE26-B806EFB4E9B8}.Release|x64.ActiveCfg = Release|x64
		{81C3835B-21CC-495C-AE26-B806EFB4E9B8}.Release|x64.Build.0 = Release|x64
		{81C3835B-21CC-495C-AE26-B806EFB4E9B8}.Release|x86.ActiveCfg = Release|Win32
		{81C3835B-21CC-495C-AE26-B806EFB4E9B8}.Release|x86.Build.0 = Release|Win32
		{493FFF9E-D855-4DA3-984E-E058A78AB108}.Debug|x64.ActiveCfg = Debug|x64
		{493FFF9E-D855-4DA3-984E-E058A78AB108}.Debug|x64.Build.0 = Debug|x64
		{493FFF9E-D855-4DA3-984E-E058A78AB108}.Debug|x86.ActiveCfg = Debug|Win32
		{493FFF9E-D855-4DA3-984E-E058A78AB108}.Debug|x86.Build.0 = Debug|Win32
		{493FFF9E-D855-4DA3-984E-E058A78AB108}.Release|x64.ActiveCfg = Release|x64
		{493FFF9E-D855-4DA3-984E-E058A78AB108}.Release|x64.Build.0 = Release|x64
		{493FFF9E-D855-4DA3-984E-E058A78AB108}.Release|x86.ActiveCfg = Release|Win32
		{493FFF9E-D855-4DA3-984E-E058A78AB108}.Release|x86.Build.0 = Release|Win32
		{E8AEF4CD-76F0-40BF-8491-217B09E2E04C}.Debug|x64.ActiveCfg = Debug|x64
		{E8AEF4CD-76F0-40BF-8491-217B09E2E04C}.Debug|x64.Build.0 = Debug|x64
		{E8AEF4CD-76F0-40BF-8491-217B09E2E04C}.Debug|x86.ActiveCfg = Debug|Win32
		{E8AEF4CD-76F0-40BF-8491-217B09E2E04C}.Debug|x86.Build.0 = Debug|Win32
		{E8AEF4CD-76F0-40BF-8491-217B09E2E04C}.Release|x64.ActiveCfg = Release|x64
		{E8AEF4CD-76F0-40BF-8491-217B09E2E04C}.Release|x64.Build.0 = Release|x64
		{E8AEF4CD-76F0-40BF-8491-217B09E2E04C}.Release|x86.ActiveCfg = Release|Win32
		{E8AEF4CD-76F0-40BF-8491-217B09E2E04C}.Release|x86.Build.0 = Release|Win32
		{45E58DA0-A95B-4324-ABAE-93DA0370732B}.Debug|x64.ActiveCfg = Debug|x64
		{45E58DA0-A95B-4324-ABAE-93DA0370732B}.Debug|x64.Build.0 = Debug|x64
		{45E58DA0-A95B-4324-ABAE-93DA0370732B}.Debug|x86.ActiveCfg = Debug|Win32
		{45E58DA0-A95B-4324-ABAE-93DA0370732B}.Debug|x86.Build.0 = Debug|Win32
		{45E58DA0-A95B-4324-ABAE-93DA0370732B}.Release|x64.ActiveCfg = Release|x64
		{45E58DA0-A95B-4324-ABAE-93DA0370732B}.Release|x64.Build.0 = Release|x64
		{45E58DA0-A95B-4324-ABAE-93DA0370732B}.Release|x86.ActiveCfg = Release|Win32
		{45E58DA0-A95B-4324-ABAE-93DA0370732B}.Release|x86.Build.0 = Release|Win32
		{81D86D6C-5723-427B-8EC2-4B92E64C9BCA}.Debug|x64.ActiveCfg = Debug|x64
		{81D86D6C-5723-427B-8EC2-4B92E64C9BCA}.Debug|x64.Build.0 = Debug|x64
		{81D86D6C-5723-427B-8EC2-4B92E64C9BCA}.Debug|x86.ActiveCfg = Debug|Win32
		{81D86D6C-5723-427B-8EC2-4B92E64C9BCA}.Debug|x86.Build.0 = Debug|Win32
		{81D86D6C-5723-427B-8EC2-4B92E64C9BCA}.Release|x64.ActiveCfg = Release|x64
		{81D86D6C-5723-427B-8EC2-4B92E64C9BCA}.Release|x64.Build.0 = Release|x64
		{81D86D6C-5723-427B-8EC2-4B92E64C9BCA}.Release|x86.ActiveCfg = Release|Win32
		{81D86D6C-5723-427B-8EC2-4B92E64C9BCA}.Release|x86.Build.0 = Release|Win32
		{98799953-3FC3-45BA-8C15-9ADA4E8BFD7B}.Debug|x64.ActiveCfg = Debug|x64
		{98799953-3FC3-45BA-8C15-9ADA4E8BFD7B}.Debug|x64.Build.0 = Debug|x64
		{98799953-3FC3-45BA-8C15-9ADA4E8BFD7B}.Debug|x86.ActiveCfg = Debug|Win32
		{98799953-3FC3-45BA-8C15-9ADA4E8BFD7B}.Debug|x86.Build.0 = Debug|Win32
		{98799953-3FC3-45BA-8C15-9ADA4E8BFD7B}.Release|x64.ActiveCfg = Release|x64
		{98799953-3FC3-45BA-8C15-9ADA4E8BFD7B}.Release|x64.Build.0 = Release|x64
		{98799953-3FC3-45BA-8C15-9ADA4E8BFD7B}.Release|x86.ActiveCfg = Release|Win32
		{98799953-3FC3-45BA-8C15-9ADA4E8BFD7B}.Release|x86.Build.0 = Release|Win32
		{4FC1437A-8A49-40D8-9690-39B5D78B7380}.Debug|x64.ActiveCfg = Debug|x64
		{4FC1437A-8A49-40D8-9690-39B5D78B7380}.Debug|x64.Build.0 = Debug|x64
		{4FC1437A-8A49-40D8-9690-39B5D78B7380}.Debug|x86.ActiveCfg = Debug|Win32
		{4FC1437A-8A49-40D8-9690-39B5D78B7380}.Debug|x86.Build.0 = Debug|Win32
		{4FC1437A-8A49-40D8-9690-39B5D78B7380}.Release|x64.ActiveCfg = Release|x64
		{4FC1437A-8A49-40D8-9690-39B5D78B7380}.Release|x64.Build.0 = Release|x64
		{4FC1437A-8A49-40D8-9690-39B5D78B7380}.Release|x86.ActiveCfg = Release|Win32
		{4FC1437A-8A49-40D8-9690-39B5D78B7380}.Release|x86.Build.0 = Release|Win32
		{2247809B-9C59-44DD-A665-149A63A22AAB}.Debug|x64.ActiveCfg = Debug|x64
		{2247809B-9C59-44DD-A665-149A63A22AAB}.Debug|x64.Build.0 = Debug|x64
		{2247809B-9C59-44DD-A665-149A63A22AAB}.Debug|x86.ActiveCfg = Debug|Win32
		{2247809B-9C59-44DD-A665-149A63A22AAB}.Debug|x86.Build.0 = Debug|Win32
		{2247809B-9C59-44DD-A665-149A63A22AAB}.Release|x64.ActiveCfg = Release|x64
		{2247809B-9C59-44DD-A665-149A63A22AAB}.Release|x64.Build.0 = Release|x64
		{2247809B-9C59-44DD-A665-149A63A22AAB}.Release|x86.ActiveCfg = Release|Win32
		{2247809B-9C59-44DD-A665-149A63A22AAB}.Release|x86.Build.0 = Release|Win32
		{65709255-3A1A-48E5-8FC5-05AC9C824979}.Debug|x64.ActiveCfg = Debug|x64
		{65709255-3A1A-48E5-8FC5-05AC9C824979}.Debug|x64.Build.0 = Debug|x64
		{65709255-3A1A-48E5-8FC5-05AC9C824979}.Debug|x86.ActiveCfg = Debug|Win32
		{65709255-3A1A-48E5-8FC5-05AC9C824979}.Debug|x86.Build.0 = Debug|Win32
		{65709255-3A1A-48E5-8FC5-05AC9C824979}.Release|x64.ActiveCfg = Release|x64
		{65709255-3A1A-48E5-8FC5-05AC9C824979}.Release|x64.Build.0 = Release|x64
		{65709255-3A1A-48E5-8FC5-05AC9C824979}.Release|x86.ActiveCfg = Release|Win32
		{65709255-3A1A-48E5-8FC5-05AC9C824979}.Release|x86.Build.0 = Release|Win32
	EndGlobalSection
	GlobalSection(SolutionProperties) = preSolution
		HideSolutionNode = FALSE
	EndGlobalSection
	GlobalSection(ExtensibilityGlobals) = postSolution
		SolutionGuid = {1C95BB7C-9534-4CC5-A3B5-1DB5D0F27476}
	EndGlobalSection
EndGlobal
